
Microsoft Visual Studio Solution File, Format Version 9.00
# Visual Studio 2005
Project("{FAE04EC0-301F-11D3-BF4B-00C04F79EFBC}") = "Mathoa", "Mathoa\Mathoa.csproj", "{90CA8DA4-0484-4949-BD12-B3C720BC645B}"
EndProject
Global
	GlobalSection(SolutionConfigurationPlatforms) = preSolution
		Debug|Any CPU = Debug|Any CPU
		Release|Any CPU = Release|Any CPU
	EndGlobalSection
	GlobalSection(ProjectConfigurationPlatforms) = postSolution
		{90CA8DA4-0484-4949-BD12-B3C720BC645B}.Debug|Any CPU.ActiveCfg = Debug|Any CPU
		{90CA8DA4-0484-4949-BD12-B3C720BC645B}.Debug|Any CPU.Build.0 = Debug|Any CPU
		{90CA8DA4-0484-4949-BD12-B3C720BC645B}.Release|Any CPU.ActiveCfg = Release|Any CPU
		{90CA8DA4-0484-4949-BD12-B3C720BC645B}.Release|Any CPU.Build.0 = Release|Any CPU
	EndGlobalSection
	GlobalSection(SolutionProperties) = preSolution
		HideSolutionNode = FALSE
	EndGlobalSection
EndGlobal
