
Microsoft Visual Studio Solution File, Format Version 12.00
# Visual Studio 2012
Project("{FAE04EC0-301F-11D3-BF4B-00C04F79EFBC}") = "QuanLyThuChi", "QuanLyThuChi\QuanLyThuChi.csproj", "{358E4B52-DCD7-4305-AF7C-9F5F94FFA438}"
EndProject
Project("{FAE04EC0-301F-11D3-BF4B-00C04F79EFBC}") = "DTO", "DTO\DTO.csproj", "{E6B4CD50-54C2-4792-8B4E-0FFF63A2DA1C}"
EndProject
Project("{FAE04EC0-301F-11D3-BF4B-00C04F79EFBC}") = "DAO", "DAO\DAO.csproj", "{790FAFCC-7CCB-415E-8B96-8BF1E37A0D7A}"
EndProject
Project("{FAE04EC0-301F-11D3-BF4B-00C04F79EFBC}") = "BUS", "BUS\BUS.csproj", "{DE7AAC43-2F69-41EE-9F85-FBA2CCCD9106}"
EndProject
Global
	GlobalSection(SolutionConfigurationPlatforms) = preSolution
		Debug|Any CPU = Debug|Any CPU
		Release|Any CPU = Release|Any CPU
	EndGlobalSection
	GlobalSection(ProjectConfigurationPlatforms) = postSolution
		{358E4B52-DCD7-4305-AF7C-9F5F94FFA438}.Debug|Any CPU.ActiveCfg = Debug|Any CPU
		{358E4B52-DCD7-4305-AF7C-9F5F94FFA438}.Debug|Any CPU.Build.0 = Debug|Any CPU
		{358E4B52-DCD7-4305-AF7C-9F5F94FFA438}.Release|Any CPU.ActiveCfg = Release|Any CPU
		{358E4B52-DCD7-4305-AF7C-9F5F94FFA438}.Release|Any CPU.Build.0 = Release|Any CPU
		{E6B4CD50-54C2-4792-8B4E-0FFF63A2DA1C}.Debug|Any CPU.ActiveCfg = Debug|Any CPU
		{E6B4CD50-54C2-4792-8B4E-0FFF63A2DA1C}.Debug|Any CPU.Build.0 = Debug|Any CPU
		{E6B4CD50-54C2-4792-8B4E-0FFF63A2DA1C}.Release|Any CPU.ActiveCfg = Release|Any CPU
		{E6B4CD50-54C2-4792-8B4E-0FFF63A2DA1C}.Release|Any CPU.Build.0 = Release|Any CPU
		{790FAFCC-7CCB-415E-8B96-8BF1E37A0D7A}.Debug|Any CPU.ActiveCfg = Debug|Any CPU
		{790FAFCC-7CCB-415E-8B96-8BF1E37A0D7A}.Debug|Any CPU.Build.0 = Debug|Any CPU
		{790FAFCC-7CCB-415E-8B96-8BF1E37A0D7A}.Release|Any CPU.ActiveCfg = Release|Any CPU
		{790FAFCC-7CCB-415E-8B96-8BF1E37A0D7A}.Release|Any CPU.Build.0 = Release|Any CPU
		{DE7AAC43-2F69-41EE-9F85-FBA2CCCD9106}.Debug|Any CPU.ActiveCfg = Debug|Any CPU
		{DE7AAC43-2F69-41EE-9F85-FBA2CCCD9106}.Debug|Any CPU.Build.0 = Debug|Any CPU
		{DE7AAC43-2F69-41EE-9F85-FBA2CCCD9106}.Release|Any CPU.ActiveCfg = Release|Any CPU
		{DE7AAC43-2F69-41EE-9F85-FBA2CCCD9106}.Release|Any CPU.Build.0 = Release|Any CPU
	EndGlobalSection
	GlobalSection(SolutionProperties) = preSolution
		HideSolutionNode = FALSE
	EndGlobalSection
EndGlobal
