
Microsoft Visual Studio Solution File, Format Version 9.00
# Visual C# Express 2005
Project("{FAE04EC0-301F-11D3-BF4B-00C04F79EFBC}") = "GiaoDienCuaHang", "GiaoDienCuaHang\GiaoDienCuaHang.csproj", "{DB67146D-F2F5-41DD-A959-26261F9D0BCE}"
EndProject
Global
	GlobalSection(SolutionConfigurationPlatforms) = preSolution
		Debug|Any CPU = Debug|Any CPU
		Release|Any CPU = Release|Any CPU
	EndGlobalSection
	GlobalSection(ProjectConfigurationPlatforms) = postSolution
		{DB67146D-F2F5-41DD-A959-26261F9D0BCE}.Debug|Any CPU.ActiveCfg = Debug|Any CPU
		{DB67146D-F2F5-41DD-A959-26261F9D0BCE}.Debug|Any CPU.Build.0 = Debug|Any CPU
		{DB67146D-F2F5-41DD-A959-26261F9D0BCE}.Release|Any CPU.ActiveCfg = Release|Any CPU
		{DB67146D-F2F5-41DD-A959-26261F9D0BCE}.Release|Any CPU.Build.0 = Release|Any CPU
	EndGlobalSection
	GlobalSection(SolutionProperties) = preSolution
		HideSolutionNode = FALSE
	EndGlobalSection
EndGlobal
