
Microsoft Visual Studio Solution File, Format Version 10.00
# Visual Studio 2008
Project("{FAE04EC0-301F-11D3-BF4B-00C04F79EFBC}") = "QuanLyDaoTao", "QuanLyDaoTao.csproj", "{14FA11FC-BA56-443A-948F-BFB50A447C59}"
EndProject
Global
	GlobalSection(SolutionConfigurationPlatforms) = preSolution
		Debug|Any CPU = Debug|Any CPU
		Release|Any CPU = Release|Any CPU
	EndGlobalSection
	GlobalSection(ProjectConfigurationPlatforms) = postSolution
		{14FA11FC-BA56-443A-948F-BFB50A447C59}.Debug|Any CPU.ActiveCfg = Debug|Any CPU
		{14FA11FC-BA56-443A-948F-BFB50A447C59}.Debug|Any CPU.Build.0 = Debug|Any CPU
		{14FA11FC-BA56-443A-948F-BFB50A447C59}.Release|Any CPU.ActiveCfg = Release|Any CPU
		{14FA11FC-BA56-443A-948F-BFB50A447C59}.Release|Any CPU.Build.0 = Release|Any CPU
	EndGlobalSection
	GlobalSection(SolutionProperties) = preSolution
		HideSolutionNode = FALSE
	EndGlobalSection
EndGlobal
