
Microsoft Visual Studio Solution File, Format Version 9.00
# Visual Studio 2005
Project("{FAE04EC0-301F-11D3-BF4B-00C04F79EFBC}") = "QLDiemSoHocSinhTHPT", "QLDiemSoHocSinhTHPT\QLDiemSoHocSinhTHPT.csproj", "{305F5F3D-4888-48FA-A677-15A6417CC82C}"
EndProject
Global
	GlobalSection(SolutionConfigurationPlatforms) = preSolution
		Debug|Any CPU = Debug|Any CPU
		Release|Any CPU = Release|Any CPU
	EndGlobalSection
	GlobalSection(ProjectConfigurationPlatforms) = postSolution
		{305F5F3D-4888-48FA-A677-15A6417CC82C}.Debug|Any CPU.ActiveCfg = Debug|Any CPU
		{305F5F3D-4888-48FA-A677-15A6417CC82C}.Debug|Any CPU.Build.0 = Debug|Any CPU
		{305F5F3D-4888-48FA-A677-15A6417CC82C}.Release|Any CPU.ActiveCfg = Release|Any CPU
		{305F5F3D-4888-48FA-A677-15A6417CC82C}.Release|Any CPU.Build.0 = Release|Any CPU
	EndGlobalSection
	GlobalSection(SolutionProperties) = preSolution
		HideSolutionNode = FALSE
	EndGlobalSection
EndGlobal
