
Microsoft Visual Studio Solution File, Format Version 10.00
# Visual Studio 2008
Project("{FAE04EC0-301F-11D3-BF4B-00C04F79EFBC}") = "qlhocvien", "qlhocvien\qlhocvien.csproj", "{8CD55ECD-49BC-4C23-9392-1D1B1A80BB18}"
EndProject
Global
	GlobalSection(SolutionConfigurationPlatforms) = preSolution
		Debug|Any CPU = Debug|Any CPU
		Release|Any CPU = Release|Any CPU
	EndGlobalSection
	GlobalSection(ProjectConfigurationPlatforms) = postSolution
		{8CD55ECD-49BC-4C23-9392-1D1B1A80BB18}.Debug|Any CPU.ActiveCfg = Debug|Any CPU
		{8CD55ECD-49BC-4C23-9392-1D1B1A80BB18}.Debug|Any CPU.Build.0 = Debug|Any CPU
		{8CD55ECD-49BC-4C23-9392-1D1B1A80BB18}.Release|Any CPU.ActiveCfg = Release|Any CPU
		{8CD55ECD-49BC-4C23-9392-1D1B1A80BB18}.Release|Any CPU.Build.0 = Release|Any CPU
	EndGlobalSection
	GlobalSection(SolutionProperties) = preSolution
		HideSolutionNode = FALSE
	EndGlobalSection
EndGlobal
