Microsoft Visual Studio Solution File, Format Version 10.00
# Visual Studio 2008
Project("{FAE04EC0-301F-11D3-BF4B-00C04F79EFBC}") = "Tetris", "Tetris.csproj", "{70119E03-2B8F-4F12-B664-F4E7F5F1FB68}"
EndProject
Global
	GlobalSection(SolutionConfigurationPlatforms) = preSolution
		Debug|Any CPU = Debug|Any CPU
		Release|Any CPU = Release|Any CPU
	EndGlobalSection
	GlobalSection(ProjectConfigurationPlatforms) = postSolution
		{70119E03-2B8F-4F12-B664-F4E7F5F1FB68}.Debug|Any CPU.ActiveCfg = Debug|Any CPU
		{70119E03-2B8F-4F12-B664-F4E7F5F1FB68}.Debug|Any CPU.Build.0 = Debug|Any CPU
		{70119E03-2B8F-4F12-B664-F4E7F5F1FB68}.Release|Any CPU.ActiveCfg = Release|Any CPU
		{70119E03-2B8F-4F12-B664-F4E7F5F1FB68}.Release|Any CPU.Build.0 = Release|Any CPU
	EndGlobalSection
	GlobalSection(SolutionProperties) = preSolution
		HideSolutionNode = FALSE
	EndGlobalSection
EndGlobal
