
Microsoft Visual Studio Solution File, Format Version 9.00
# Visual Studio 2005
# SharpDevelop 3.1.0.3990
Project("{FAE04EC0-301F-11D3-BF4B-00C04F79EFBC}") = "Client", "Client\Client.csproj", "{FE153091-2537-4F60-9F3A-50DCE081EE71}"
EndProject
Global
	GlobalSection(SolutionConfigurationPlatforms) = preSolution
		Debug|Any CPU = Debug|Any CPU
		Release|Any CPU = Release|Any CPU
	EndGlobalSection
	GlobalSection(ProjectConfigurationPlatforms) = postSolution
		{FE153091-2537-4F60-9F3A-50DCE081EE71}.Debug|Any CPU.ActiveCfg = Debug|Any CPU
		{FE153091-2537-4F60-9F3A-50DCE081EE71}.Debug|Any CPU.Build.0 = Debug|Any CPU
		{FE153091-2537-4F60-9F3A-50DCE081EE71}.Release|Any CPU.ActiveCfg = Release|Any CPU
		{FE153091-2537-4F60-9F3A-50DCE081EE71}.Release|Any CPU.Build.0 = Release|Any CPU
	EndGlobalSection
	GlobalSection(SolutionProperties) = preSolution
		HideSolutionNode = FALSE
	EndGlobalSection
EndGlobal
