Microsoft Visual Studio Solution File, Format Version 7.00
Project("{FAE04EC0-301F-11D3-BF4B-00C04F79EFBC}") = "VirtualClock", "VirtualClock.csproj", "{CDA0479A-1739-4359-88B2-442EFE16F945}"
EndProject
Global
	GlobalSection(SolutionConfiguration) = preSolution
		ConfigName.0 = Debug
		ConfigName.1 = Release
	EndGlobalSection
	GlobalSection(ProjectDependencies) = postSolution
	EndGlobalSection
	GlobalSection(ProjectConfiguration) = postSolution
		{CDA0479A-1739-4359-88B2-442EFE16F945}.Debug.ActiveCfg = Debug|.NET
		{CDA0479A-1739-4359-88B2-442EFE16F945}.Debug.Build.0 = Debug|.NET
		{CDA0479A-1739-4359-88B2-442EFE16F945}.Release.ActiveCfg = Release|.NET
		{CDA0479A-1739-4359-88B2-442EFE16F945}.Release.Build.0 = Release|.NET
	EndGlobalSection
	GlobalSection(ExtensibilityGlobals) = postSolution
	EndGlobalSection
	GlobalSection(ExtensibilityAddIns) = postSolution
	EndGlobalSection
EndGlobal
