
Microsoft Visual Studio Solution File, Format Version 11.00
# Visual Studio 2010
Project("{FAE04EC0-301F-11D3-BF4B-00C04F79EFBC}") = "SLCaroGame", "SLCaroGame\SLCaroGame.csproj", "{E629FF96-19B0-4756-8AB6-72A5BACD78C5}"
EndProject
Project("{FAE04EC0-301F-11D3-BF4B-00C04F79EFBC}") = "SLCaroGame.Web", "SLCaroGame.Web\SLCaroGame.Web.csproj", "{4EDD79FB-5C05-43E4-B90E-2FE90D962D07}"
EndProject
Global
	GlobalSection(SolutionConfigurationPlatforms) = preSolution
		Debug|Any CPU = Debug|Any CPU
		Release|Any CPU = Release|Any CPU
	EndGlobalSection
	GlobalSection(ProjectConfigurationPlatforms) = postSolution
		{E629FF96-19B0-4756-8AB6-72A5BACD78C5}.Debug|Any CPU.ActiveCfg = Debug|Any CPU
		{E629FF96-19B0-4756-8AB6-72A5BACD78C5}.Debug|Any CPU.Build.0 = Debug|Any CPU
		{E629FF96-19B0-4756-8AB6-72A5BACD78C5}.Release|Any CPU.ActiveCfg = Release|Any CPU
		{E629FF96-19B0-4756-8AB6-72A5BACD78C5}.Release|Any CPU.Build.0 = Release|Any CPU
		{4EDD79FB-5C05-43E4-B90E-2FE90D962D07}.Debug|Any CPU.ActiveCfg = Debug|Any CPU
		{4EDD79FB-5C05-43E4-B90E-2FE90D962D07}.Debug|Any CPU.Build.0 = Debug|Any CPU
		{4EDD79FB-5C05-43E4-B90E-2FE90D962D07}.Release|Any CPU.ActiveCfg = Release|Any CPU
		{4EDD79FB-5C05-43E4-B90E-2FE90D962D07}.Release|Any CPU.Build.0 = Release|Any CPU
	EndGlobalSection
	GlobalSection(SolutionProperties) = preSolution
		HideSolutionNode = FALSE
	EndGlobalSection
EndGlobal
