Microsoft Visual Studio Solution File, Format Version 8.00
Project("{FAE04EC0-301F-11D3-BF4B-00C04F79EFBC}") = "Remotting Client", "Remotting Client.csproj", "{546B5B9B-23CE-4E9A-BEA9-1C4EFCC519CF}"
	ProjectSection(ProjectDependencies) = postProject
	EndProjectSection
EndProject
Global
	GlobalSection(SolutionConfiguration) = preSolution
		Debug = Debug
		Release = Release
	EndGlobalSection
	GlobalSection(ProjectConfiguration) = postSolution
		{546B5B9B-23CE-4E9A-BEA9-1C4EFCC519CF}.Debug.ActiveCfg = Debug|.NET
		{546B5B9B-23CE-4E9A-BEA9-1C4EFCC519CF}.Debug.Build.0 = Debug|.NET
		{546B5B9B-23CE-4E9A-BEA9-1C4EFCC519CF}.Release.ActiveCfg = Release|.NET
		{546B5B9B-23CE-4E9A-BEA9-1C4EFCC519CF}.Release.Build.0 = Release|.NET
	EndGlobalSection
	GlobalSection(ExtensibilityGlobals) = postSolution
	EndGlobalSection
	GlobalSection(ExtensibilityAddIns) = postSolution
	EndGlobalSection
EndGlobal
