
Microsoft Visual Studio Solution File, Format Version 10.00
# Visual C# Express 2008
Project("{FAE04EC0-301F-11D3-BF4B-00C04F79EFBC}") = "Afterword Apple", "Afterword Apple\Afterword Apple.csproj", "{114145A9-9DD4-405C-B89D-49EFF65C629E}"
EndProject
Global
	GlobalSection(SolutionConfigurationPlatforms) = preSolution
		Debug|Any CPU = Debug|Any CPU
		Release|Any CPU = Release|Any CPU
	EndGlobalSection
	GlobalSection(ProjectConfigurationPlatforms) = postSolution
		{114145A9-9DD4-405C-B89D-49EFF65C629E}.Debug|Any CPU.ActiveCfg = Debug|Any CPU
		{114145A9-9DD4-405C-B89D-49EFF65C629E}.Debug|Any CPU.Build.0 = Debug|Any CPU
		{114145A9-9DD4-405C-B89D-49EFF65C629E}.Release|Any CPU.ActiveCfg = Release|Any CPU
		{114145A9-9DD4-405C-B89D-49EFF65C629E}.Release|Any CPU.Build.0 = Release|Any CPU
	EndGlobalSection
	GlobalSection(SolutionProperties) = preSolution
		HideSolutionNode = FALSE
	EndGlobalSection
EndGlobal
